<?xml version="1.0" encoding="utf-8"?>
<Project xmlns="http://schemas.microsoft.com/developer/msbuild/2003">
  <ItemGroup>
    <Filter Include="Form Files">
      <UniqueIdentifier>{99349809-55BA-4b9d-BF79-8FDBB0286EB3}</UniqueIdentifier>
      <Extensions>ui</Extensions>
      <ParseFiles>false</ParseFiles>
    </Filter>
    <Filter Include="Form Files">
      <UniqueIdentifier>{99349809-55BA-4b9d-BF79-8FDBB0286EB3}</UniqueIdentifier>
      <Extensions>ui</Extensions>
      <ParseFiles>false</ParseFiles>
    </Filter>
    <Filter Include="Generated Files">
      <UniqueIdentifier>{71ED8ED8-ACB9-4CE9-BBE1-E00B30144E11}</UniqueIdentifier>
      <Extensions>cpp;c;cxx;moc;h;def;odl;idl;res;</Extensions>
    </Filter>
    <Filter Include="Generated Files">
      <UniqueIdentifier>{71ED8ED8-ACB9-4CE9-BBE1-E00B30144E11}</UniqueIdentifier>
      <Extensions>cpp;c;cxx;moc;h;def;odl;idl;res;</Extensions>
    </Filter>
    <Filter Include="Header Files">
      <UniqueIdentifier>{93995380-89BD-4b04-88EB-625FBE52EBFB}</UniqueIdentifier>
      <Extensions>h;hpp;hxx;hm;inl;inc;xsd</Extensions>
    </Filter>
    <Filter Include="Header Files">
      <UniqueIdentifier>{93995380-89BD-4b04-88EB-625FBE52EBFB}</UniqueIdentifier>
      <Extensions>h;hpp;hxx;hm;inl;inc;xsd</Extensions>
    </Filter>
    <Filter Include="Resource Files">
      <UniqueIdentifier>{D9D6E242-F8AF-46E4-B9FD-80ECBC20BA3E}</UniqueIdentifier>
      <Extensions>qrc;*</Extensions>
      <ParseFiles>false</ParseFiles>
    </Filter>
    <Filter Include="Resource Files">
      <UniqueIdentifier>{D9D6E242-F8AF-46E4-B9FD-80ECBC20BA3E}</UniqueIdentifier>
      <Extensions>qrc;*</Extensions>
      <ParseFiles>false</ParseFiles>
    </Filter>
    <Filter Include="Source Files">
      <UniqueIdentifier>{4FC737F1-C7A5-4376-A066-2A32D752A2FF}</UniqueIdentifier>
      <Extensions>cpp;c;cxx;def;odl;idl;hpj;bat;asm;asmx</Extensions>
    </Filter>
    <Filter Include="Source Files">
      <UniqueIdentifier>{4FC737F1-C7A5-4376-A066-2A32D752A2FF}</UniqueIdentifier>
      <Extensions>cpp;c;cxx;def;odl;idl;hpj;bat;asm;asmx</Extensions>
    </Filter>
  </ItemGroup>
  <ItemGroup>
    <ClCompile Include="AI.cpp">
      <Filter>Source Files</Filter>
    </ClCompile>
    <ClCompile Include="boom.cpp">
      <Filter>Source Files</Filter>
    </ClCompile>
    <ClCompile Include="client.cpp">
      <Filter>Source Files</Filter>
    </ClCompile>
    <ClCompile Include="gameboard.cpp">
      <Filter>Source Files</Filter>
    </ClCompile>
    <ClCompile Include="gamepara.cpp">
      <Filter>Source Files</Filter>
    </ClCompile>
    <ClCompile Include="gamewidget.cpp">
      <Filter>Source Files</Filter>
    </ClCompile>
    <ClCompile Include="main.cpp">
      <Filter>Source Files</Filter>
    </ClCompile>
    <ClCompile Include="mainwindow.cpp">
      <Filter>Source Files</Filter>
    </ClCompile>
    <ClCompile Include="people.cpp">
      <Filter>Source Files</Filter>
    </ClCompile>
    <ClCompile Include="server.cpp">
      <Filter>Source Files</Filter>
    </ClCompile>
    <ClCompile Include="setting.cpp">
      <Filter>Source Files</Filter>
    </ClCompile>
    <ClCompile Include="tool.cpp">
      <Filter>Source Files</Filter>
    </ClCompile>
  </ItemGroup>
  <ItemGroup>
    <ClInclude Include="AI.h">
      <Filter>Header Files</Filter>
    </ClInclude>
    <ClInclude Include="boom.h">
      <Filter>Header Files</Filter>
    </ClInclude>
    <QtMoc Include="client.h">
      <Filter>Header Files</Filter>
    </QtMoc>
    <ClInclude Include="gameboard.h">
      <Filter>Header Files</Filter>
    </ClInclude>
    <QtMoc Include="gamepara.h">
      <Filter>Header Files</Filter>
    </QtMoc>
    <QtMoc Include="gamewidget.h">
      <Filter>Header Files</Filter>
    </QtMoc>
    <QtMoc Include="mainwindow.h">
      <Filter>Header Files</Filter>
    </QtMoc>
    <ClInclude Include="people.h">
      <Filter>Header Files</Filter>
    </ClInclude>
    <QtMoc Include="server.h">
      <Filter>Header Files</Filter>
    </QtMoc>
    <ClInclude Include="setting.h">
      <Filter>Header Files</Filter>
    </ClInclude>
    <ClInclude Include="tool.h">
      <Filter>Header Files</Filter>
    </ClInclude>
  </ItemGroup>
  <ItemGroup>
    
    
    
    
    
    
    
    
    <CustomBuild Include="debug\moc_predefs.h.cbt">
      <Filter>Generated Files</Filter>
    </CustomBuild>
    <CustomBuild Include="release\moc_predefs.h.cbt">
      <Filter>Generated Files</Filter>
    </CustomBuild>
    
    
    
    
    
    
    
  </ItemGroup>
  <ItemGroup>
    <QtUic Include="gamepara.ui">
      <Filter>Form Files</Filter>
    </QtUic>
    <QtUic Include="gamewidget.ui">
      <Filter>Form Files</Filter>
    </QtUic>
    <QtUic Include="mainwindow.ui">
      <Filter>Form Files</Filter>
    </QtUic>
  </ItemGroup>
  <ItemGroup>
    <None Include="res\character\Alex\Alex.png">
      <Filter>Resource Files</Filter>
    </None>
    <None Include="res\character\Alex\Alex_Died.png">
      <Filter>Resource Files</Filter>
    </None>
    <None Include="res\character\Alex\Alex_run.png">
      <Filter>Resource Files</Filter>
    </None>
    <None Include="res\character\Alex\Alex_run_Died.png">
      <Filter>Resource Files</Filter>
    </None>
    <None Include="res\button\CreateNetwork.png">
      <Filter>Resource Files</Filter>
    </None>
    <None Include="res\button\CreateSvr.png">
      <Filter>Resource Files</Filter>
    </None>
    <None Include="res\character\Dan\Dan.png">
      <Filter>Resource Files</Filter>
    </None>
    <None Include="res\character\Dan\Dan_Died.png">
      <Filter>Resource Files</Filter>
    </None>
    <None Include="res\character\Dan\Dan_run.png">
      <Filter>Resource Files</Filter>
    </None>
    <None Include="res\character\Dan\Dan_run_Died.png">
      <Filter>Resource Files</Filter>
    </None>
    <None Include="res\floor\Floors_TILESET_A2_.jpg">
      <Filter>Resource Files</Filter>
    </None>
    <None Include="res\floor\Floors_TILESET_A2_.png">
      <Filter>Resource Files</Filter>
    </None>
    <None Include="res\floor\Floors_original_shading_TILESET_A5_.jpg">
      <Filter>Resource Files</Filter>
    </None>
    <None Include="res\floor\Floors_original_shading_TILESET_A5_.png">
      <Filter>Resource Files</Filter>
    </None>
    <None Include="res\button\JoinNetwork.png">
      <Filter>Resource Files</Filter>
    </None>
    <None Include="res\button\JoinSvr.png">
      <Filter>Resource Files</Filter>
    </None>
    <None Include="res\window\MainWindow.png">
      <Filter>Resource Files</Filter>
    </None>
    <None Include="res\character\Molly\Molly.png">
      <Filter>Resource Files</Filter>
    </None>
    <None Include="res\character\Molly\Molly_Died.png">
      <Filter>Resource Files</Filter>
    </None>
    <None Include="res\character\Molly\Molly_run.png">
      <Filter>Resource Files</Filter>
    </None>
    <None Include="res\character\Molly\Molly_run_Died.png">
      <Filter>Resource Files</Filter>
    </None>
    <None Include="res\tool\PlayerBoom.png">
      <Filter>Resource Files</Filter>
    </None>
    <None Include="res\tool\PlayerHeart.png">
      <Filter>Resource Files</Filter>
    </None>
    <None Include="res\tool\PlayerPower.png">
      <Filter>Resource Files</Filter>
    </None>
    <None Include="res\tool\PlayerSpeed.png">
      <Filter>Resource Files</Filter>
    </None>
    <None Include="res\character\Roki\Roki.png">
      <Filter>Resource Files</Filter>
    </None>
    <None Include="res\character\Roki\Roki_Died.png">
      <Filter>Resource Files</Filter>
    </None>
    <None Include="res\character\Roki\Roki_run.png">
      <Filter>Resource Files</Filter>
    </None>
    <None Include="res\character\Roki\Roki_run_Died.png">
      <Filter>Resource Files</Filter>
    </None>
    <None Include="res\button\Start.png">
      <Filter>Resource Files</Filter>
    </None>
    <None Include="res\button\back.png">
      <Filter>Resource Files</Filter>
    </None>
    <None Include="res\window\bkWall.png">
      <Filter>Resource Files</Filter>
    </None>
    <None Include="res\tool\bomb.png">
      <Filter>Resource Files</Filter>
    </None>
    <None Include="res\boom\boomA_1.png">
      <Filter>Resource Files</Filter>
    </None>
    <None Include="res\boom\boomA_Flame.png">
      <Filter>Resource Files</Filter>
    </None>
    <None Include="res\floor\item1.png">
      <Filter>Resource Files</Filter>
    </None>
    <None Include="res\tool\lifecrys.png">
      <Filter>Resource Files</Filter>
    </None>
    <None Include="res\floor\normalFloor.jpg">
      <Filter>Resource Files</Filter>
    </None>
    <None Include="res\floor\normalFloor2.png">
      <Filter>Resource Files</Filter>
    </None>
    <None Include="res\tool\power.png">
      <Filter>Resource Files</Filter>
    </None>
    <QtRcc Include="res.qrc">
      <Filter>Resource Files</Filter>
    </QtRcc>
    <None Include="res\tool\shoes.png">
      <Filter>Resource Files</Filter>
    </None>
  </ItemGroup>
</Project>